# This file was autogenerated by uv via the following command:
#    uv pip compile requirements.txt -o requirements.lock
absl-py==2.3.1
    # via
    #   -r requirements.txt
    #   tensorboard
accelerate==1.12.0
    # via -r requirements.txt
aiohappyeyeballs==2.6.1
    # via
    #   -r requirements.txt
    #   aiohttp
aiohttp==3.12.12
    # via
    #   -r requirements.txt
    #   fsspec
aiosignal==1.3.2
    # via
    #   -r requirements.txt
    #   aiohttp
annotated-types==0.7.0
    # via
    #   -r requirements.txt
    #   pydantic
antlr4-python3-runtime==4.9.3
    # via
    #   -r requirements.txt
    #   hydra-core
    #   omegaconf
anyio==4.11.0
    # via
    #   -r requirements.txt
    #   httpx
    #   openai
astroid==3.3.11
    # via
    #   -r requirements.txt
    #   pylint
attrs==25.3.0
    # via
    #   -r requirements.txt
    #   aiohttp
autopep8==2.0.4
    # via -r requirements.txt
beautifulsoup4==4.14.3
    # via
    #   -r requirements.txt
    #   gdown
black==25.1.0
    # via
    #   -r requirements.txt
    #   python-lsp-server
certifi==2025.11.12
    # via
    #   -r requirements.txt
    #   httpcore
    #   httpx
    #   requests
charset-normalizer==3.4.4
    # via
    #   -r requirements.txt
    #   requests
click==8.2.1
    # via
    #   -r requirements.txt
    #   black
colorama==0.4.6
    # via rich
commonmark==0.9.1
    # via rich
dacite==1.9.2
    # via -r requirements.txt
datasets==3.6.0
    # via -r requirements.txt
dill==0.3.8
    # via
    #   -r requirements.txt
    #   datasets
    #   multiprocess
    #   pylint
distro==1.9.0
    # via openai
docstring-to-markdown==0.17
    # via
    #   -r requirements.txt
    #   python-lsp-server
fastnlp==1.0.1
    # via -r requirements.txt
filelock==3.17.0
    # via
    #   -r requirements.txt
    #   datasets
    #   gdown
    #   huggingface-hub
    #   torch
    #   transformers
flake8==7.1.2
    # via -r requirements.txt
frozenlist==1.7.0
    # via
    #   -r requirements.txt
    #   aiohttp
    #   aiosignal
fsspec==2025.3.0
    # via
    #   -r requirements.txt
    #   datasets
    #   huggingface-hub
    #   torch
gdown==5.2.0
    # via -r requirements.txt
grpcio==1.76.0
    # via
    #   -r requirements.txt
    #   tensorboard
h11==0.16.0
    # via
    #   -r requirements.txt
    #   httpcore
hf-xet==1.2.0
    # via
    #   -r requirements.txt
    #   huggingface-hub
httpcore==1.0.9
    # via
    #   -r requirements.txt
    #   httpx
httpx==0.28.1
    # via
    #   -r requirements.txt
    #   openai
huggingface-hub==0.36.0
    # via
    #   -r requirements.txt
    #   accelerate
    #   datasets
    #   tokenizers
    #   transformers
hydra-core==1.3.2
    # via -r requirements.txt
idna==3.11
    # via
    #   -r requirements.txt
    #   anyio
    #   httpx
    #   requests
    #   yarl
importlib-metadata==8.7.0
    # via
    #   -r requirements.txt
    #   docstring-to-markdown
intervaltree==3.2.1
    # via -r requirements.txt
isort==6.0.1
    # via
    #   -r requirements.txt
    #   pylint
jedi==0.17.2
    # via
    #   -r requirements.txt
    #   python-language-server
    #   python-lsp-server
jinja2==3.1.6
    # via
    #   -r requirements.txt
    #   torch
joblib==1.5.2
    # via
    #   -r requirements.txt
    #   scikit-learn
jsonpointer==2.1
    # via -r requirements.txt
loguru==0.7.3
    # via -r requirements.txt
markdown==3.10
    # via
    #   -r requirements.txt
    #   tensorboard
markupsafe==3.0.3
    # via
    #   -r requirements.txt
    #   jinja2
    #   werkzeug
mccabe==0.7.0
    # via
    #   -r requirements.txt
    #   flake8
    #   pylint
mpmath==1.3.0
    # via
    #   -r requirements.txt
    #   sympy
multidict==6.4.4
    # via
    #   -r requirements.txt
    #   aiohttp
    #   yarl
multiprocess==0.70.16
    # via
    #   -r requirements.txt
    #   datasets
mypy-extensions==1.1.0
    # via
    #   -r requirements.txt
    #   black
networkx==3.5
    # via
    #   -r requirements.txt
    #   torch
numpy==1.26.4
    # via
    #   -r requirements.txt
    #   accelerate
    #   datasets
    #   fastnlp
    #   pandas
    #   raid-bench
    #   scikit-learn
    #   scipy
    #   tensorboard
    #   torchvision
    #   transformers
nvidia-cublas-cu12==12.8.4.1
    # via
    #   -r requirements.txt
    #   nvidia-cudnn-cu12
    #   nvidia-cusolver-cu12
    #   torch
nvidia-cuda-cupti-cu12==12.8.90
    # via
    #   -r requirements.txt
    #   torch
nvidia-cuda-nvrtc-cu12==12.8.93
    # via
    #   -r requirements.txt
    #   torch
nvidia-cuda-runtime-cu12==12.8.90
    # via
    #   -r requirements.txt
    #   torch
nvidia-cudnn-cu12==9.10.2.21
    # via
    #   -r requirements.txt
    #   torch
nvidia-cufft-cu12==11.3.3.83
    # via
    #   -r requirements.txt
    #   torch
nvidia-cufile-cu12==1.13.1.3
    # via
    #   -r requirements.txt
    #   torch
nvidia-curand-cu12==10.3.9.90
    # via
    #   -r requirements.txt
    #   torch
nvidia-cusolver-cu12==11.7.3.90
    # via
    #   -r requirements.txt
    #   torch
nvidia-cusparse-cu12==12.5.8.93
    # via
    #   -r requirements.txt
    #   nvidia-cusolver-cu12
    #   torch
nvidia-cusparselt-cu12==0.7.1
    # via
    #   -r requirements.txt
    #   torch
nvidia-nccl-cu12==2.27.5
    # via
    #   -r requirements.txt
    #   torch
nvidia-nvjitlink-cu12==12.8.93
    # via
    #   -r requirements.txt
    #   nvidia-cufft-cu12
    #   nvidia-cusolver-cu12
    #   nvidia-cusparse-cu12
    #   torch
nvidia-nvshmem-cu12==3.3.20
    # via
    #   -r requirements.txt
    #   torch
nvidia-nvtx-cu12==12.8.90
    # via
    #   -r requirements.txt
    #   torch
omegaconf==2.3.0
    # via
    #   -r requirements.txt
    #   hydra-core
openai==1.17.0
    # via -r requirements.txt
packaging==25.0
    # via
    #   -r requirements.txt
    #   accelerate
    #   black
    #   datasets
    #   fastnlp
    #   huggingface-hub
    #   hydra-core
    #   pytoolconfig
    #   tensorboard
    #   transformers
pandas==2.2.3
    # via
    #   -r requirements.txt
    #   datasets
    #   raid-bench
parso==0.7.1
    # via
    #   -r requirements.txt
    #   jedi
pathspec==0.12.1
    # via
    #   -r requirements.txt
    #   black
pillow==12.0.0
    # via
    #   -r requirements.txt
    #   tensorboard
    #   torchvision
platformdirs==4.5.1
    # via
    #   black
    #   pylint
    #   pytoolconfig
    #   yapf
pluggy==1.6.0
    # via
    #   python-language-server
    #   python-lsp-server
prettytable==3.17.0
    # via fastnlp
propcache==0.3.2
    # via
    #   -r requirements.txt
    #   aiohttp
    #   yarl
protobuf==6.33.2
    # via
    #   -r requirements.txt
    #   tensorboard
psutil==7.1.3
    # via
    #   -r requirements.txt
    #   accelerate
pyarrow==20.0.0
    # via
    #   -r requirements.txt
    #   datasets
pycodestyle==2.12.1
    # via
    #   -r requirements.txt
    #   autopep8
    #   flake8
pydantic==2.12.3
    # via
    #   -r requirements.txt
    #   openai
pydantic-core==2.41.4
    # via
    #   -r requirements.txt
    #   pydantic
pydocstyle==6.3.0
    # via -r requirements.txt
pyflakes==3.2.0
    # via
    #   -r requirements.txt
    #   flake8
pygments==2.19.2
    # via rich
pylint==3.3.8
    # via -r requirements.txt
pysocks==1.7.1
    # via requests
python-dateutil==2.9.0.post0
    # via
    #   -r requirements.txt
    #   pandas
python-dotenv==1.2.1
    # via -r requirements.txt
python-jsonrpc-server==0.4.0
    # via
    #   -r requirements.txt
    #   python-language-server
python-language-server==0.36.2
    # via -r requirements.txt
python-lsp-jsonrpc==1.1.2
    # via
    #   -r requirements.txt
    #   python-lsp-server
python-lsp-server==1.13.1
    # via -r requirements.txt
pytoolconfig==1.3.0
    # via
    #   -r requirements.txt
    #   rope
pytz==2025.2
    # via
    #   -r requirements.txt
    #   pandas
pyyaml==6.0.2
    # via
    #   -r requirements.txt
    #   accelerate
    #   datasets
    #   huggingface-hub
    #   omegaconf
    #   transformers
raid-bench==0.2.0
    # via -r requirements.txt
regex==2025.11.3
    # via
    #   -r requirements.txt
    #   fastnlp
    #   transformers
requests==2.32.5
    # via
    #   -r requirements.txt
    #   datasets
    #   fastnlp
    #   gdown
    #   huggingface-hub
    #   transformers
rich==11.2.0
    # via fastnlp
rope==1.14.0
    # via -r requirements.txt
safetensors==0.7.0
    # via
    #   -r requirements.txt
    #   accelerate
    #   transformers
scikit-learn==1.3.2
    # via
    #   -r requirements.txt
    #   raid-bench
scipy==1.16.3
    # via
    #   -r requirements.txt
    #   scikit-learn
setuptools==75.1.0
    # via
    #   -r requirements.txt
    #   tensorboard
    #   torch
six==1.17.0
    # via
    #   -r requirements.txt
    #   python-dateutil
sniffio==1.3.1
    # via
    #   -r requirements.txt
    #   anyio
    #   openai
snowballstemmer==3.0.1
    # via
    #   -r requirements.txt
    #   pydocstyle
sortedcontainers==2.4.0
    # via intervaltree
soupsieve==2.8
    # via
    #   -r requirements.txt
    #   beautifulsoup4
sympy==1.14.0
    # via
    #   -r requirements.txt
    #   torch
tensorboard==2.20.0
    # via -r requirements.txt
tensorboard-data-server==0.7.2
    # via
    #   -r requirements.txt
    #   tensorboard
threadpoolctl==3.6.0
    # via
    #   -r requirements.txt
    #   scikit-learn
tokenizers==0.22.1
    # via
    #   -r requirements.txt
    #   transformers
tomlkit==0.13.3
    # via
    #   -r requirements.txt
    #   pylint
torch==2.9.1
    # via
    #   -r requirements.txt
    #   accelerate
    #   torchvision
torchvision==0.24.1
    # via -r requirements.txt
tqdm==4.67.1
    # via
    #   -r requirements.txt
    #   datasets
    #   gdown
    #   huggingface-hub
    #   openai
    #   raid-bench
    #   transformers
transformers==4.57.3
    # via -r requirements.txt
triton==3.5.1
    # via
    #   -r requirements.txt
    #   torch
typing-extensions==4.15.0
    # via
    #   -r requirements.txt
    #   anyio
    #   beautifulsoup4
    #   docstring-to-markdown
    #   grpcio
    #   huggingface-hub
    #   openai
    #   pydantic
    #   pydantic-core
    #   torch
    #   typing-inspection
typing-inspection==0.4.2
    # via
    #   -r requirements.txt
    #   pydantic
tzdata==2025.2
    # via
    #   -r requirements.txt
    #   pandas
ujson==5.11.0
    # via
    #   -r requirements.txt
    #   python-jsonrpc-server
    #   python-language-server
    #   python-lsp-jsonrpc
    #   python-lsp-server
urllib3==2.6.2
    # via
    #   -r requirements.txt
    #   requests
wcwidth==0.2.14
    # via prettytable
werkzeug==3.1.4
    # via
    #   -r requirements.txt
    #   tensorboard
whatthepatch==1.0.7
    # via -r requirements.txt
wheel==0.44.0
    # via -r requirements.txt
xxhash==3.5.0
    # via
    #   -r requirements.txt
    #   datasets
yapf==0.43.0
    # via -r requirements.txt
yarl==1.20.1
    # via
    #   -r requirements.txt
    #   aiohttp
zipp==3.23.0
    # via
    #   -r requirements.txt
    #   importlib-metadata
